[0m[1mdata.template_file.metadata: Reading...[0m[0m
[0m[1mdata.template_file.metadata: Read complete after 0s [id=e29077f3afdfd9a900a80f4434d788a45af29af8406df4ff2dd5da66999f5971][0m
[0m[1mdata.yandex_compute_image.ubuntu: Reading...[0m[0m
[0m[1mdata.yandex_compute_image.ubuntu: Read complete after 0s [id=fd8bmkaisp1tfddber0b][0m

Terraform used the selected providers to generate the following execution
plan. Resource actions are indicated with the following symbols:
  [32m+[0m create[0m
 [36m<=[0m read (data resources)[0m

Terraform will perform the following actions:

[1m  # module.mysql.data.yandex_vpc_network.this[0m will be read during apply
  # (config refers to values not yet known)
[0m [36m<=[0m[0m data "yandex_vpc_network" "this" {
      [32m+[0m[0m created_at                = (known after apply)
      [32m+[0m[0m default_security_group_id = (known after apply)
      [32m+[0m[0m description               = (known after apply)
      [32m+[0m[0m folder_id                 = (known after apply)
      [32m+[0m[0m id                        = (known after apply)
      [32m+[0m[0m labels                    = (known after apply)
      [32m+[0m[0m name                      = (known after apply)
      [32m+[0m[0m network_id                = (known after apply)
      [32m+[0m[0m subnet_ids                = (known after apply)
    }

[1m  # module.mysql.yandex_mdb_mysql_cluster.this[0m will be created
[0m  [32m+[0m[0m resource "yandex_mdb_mysql_cluster" "this" {
      [32m+[0m[0m allow_regeneration_host   = false
      [32m+[0m[0m backup_retain_period_days = (known after apply)
      [32m+[0m[0m created_at                = (known after apply)
      [32m+[0m[0m deletion_protection       = (known after apply)
      [32m+[0m[0m environment               = "PRESTABLE"
      [32m+[0m[0m folder_id                 = (known after apply)
      [32m+[0m[0m health                    = (known after apply)
      [32m+[0m[0m host_group_ids            = (known after apply)
      [32m+[0m[0m id                        = (known after apply)
      [32m+[0m[0m mysql_config              = (known after apply)
      [32m+[0m[0m name                      = "sql-cluster"
      [32m+[0m[0m network_id                = (known after apply)
      [32m+[0m[0m status                    = (known after apply)
      [32m+[0m[0m version                   = "8.0"

      [32m+[0m[0m host {
          [32m+[0m[0m assign_public_ip   = false
          [32m+[0m[0m fqdn               = (known after apply)
          [32m+[0m[0m name               = "mysql-0"
          [32m+[0m[0m replication_source = (known after apply)
          [32m+[0m[0m subnet_id          = (known after apply)
          [32m+[0m[0m zone               = "ru-central1-a"
        }

      [32m+[0m[0m resources {
          [32m+[0m[0m disk_size          = 10
          [32m+[0m[0m disk_type_id       = "network-hdd"
          [32m+[0m[0m resource_preset_id = "s2.micro"
        }
    }

[1m  # module.vpc_dev.yandex_vpc_network.this[0m will be created
[0m  [32m+[0m[0m resource "yandex_vpc_network" "this" {
      [32m+[0m[0m created_at                = (known after apply)
      [32m+[0m[0m default_security_group_id = (known after apply)
      [32m+[0m[0m folder_id                 = (known after apply)
      [32m+[0m[0m id                        = (known after apply)
      [32m+[0m[0m labels                    = (known after apply)
      [32m+[0m[0m name                      = "develop"
      [32m+[0m[0m subnet_ids                = (known after apply)
    }

[1m  # module.vpc_dev.yandex_vpc_subnet.this["develop-0"][0m will be created
[0m  [32m+[0m[0m resource "yandex_vpc_subnet" "this" {
      [32m+[0m[0m created_at     = (known after apply)
      [32m+[0m[0m folder_id      = (known after apply)
      [32m+[0m[0m id             = (known after apply)
      [32m+[0m[0m labels         = (known after apply)
      [32m+[0m[0m name           = "develop-0"
      [32m+[0m[0m network_id     = (known after apply)
      [32m+[0m[0m v4_cidr_blocks = [
          [32m+[0m[0m "10.0.1.0/24",
        ]
      [32m+[0m[0m v6_cidr_blocks = (known after apply)
      [32m+[0m[0m zone           = "ru-central1-a"
    }

[1mPlan:[0m 3 to add, 0 to change, 0 to destroy.
[0m[90m
─────────────────────────────────────────────────────────────────────────────[0m

Note: You didn't use the -out option to save this plan, so Terraform can't
guarantee to take exactly these actions if you run "terraform apply" now.
