[0m[1mdata.template_file.metadata: Reading...[0m[0m
[0m[1mdata.template_file.metadata: Read complete after 0s [id=e29077f3afdfd9a900a80f4434d788a45af29af8406df4ff2dd5da66999f5971][0m
[0m[1mdata.yandex_compute_image.ubuntu: Reading...[0m[0m
[0m[1mmodule.vpc_dev.yandex_vpc_network.this: Refreshing state... [id=enpsljcpopf8u4i834q0][0m
[0m[1mdata.yandex_compute_image.ubuntu: Read complete after 1s [id=fd8bmkaisp1tfddber0b][0m
[0m[1mmodule.vpc_dev.yandex_vpc_subnet.this["develop-0"]: Refreshing state... [id=e9b6fu1dokcjqdfv5hk8][0m
[0m[1mmodule.mysql.data.yandex_vpc_network.this: Reading...[0m[0m
[0m[1mmodule.mysql.yandex_mdb_mysql_cluster.this: Refreshing state... [id=c9q8gqin00vr1u693jls][0m
[0m[1mmodule.mysql.data.yandex_vpc_network.this: Read complete after 0s [id=enpsljcpopf8u4i834q0][0m

Terraform used the selected providers to generate the following execution
plan. Resource actions are indicated with the following symbols:
  [32m+[0m create[0m

Terraform will perform the following actions:

[1m  # module.mysql_db.yandex_mdb_mysql_database.this[0m will be created
[0m  [32m+[0m[0m resource "yandex_mdb_mysql_database" "this" {
      [32m+[0m[0m cluster_id = "c9q8gqin00vr1u693jls"
      [32m+[0m[0m id         = (known after apply)
      [32m+[0m[0m name       = "test"
    }

[1m  # module.mysql_db.yandex_mdb_mysql_user.my_user[0m will be created
[0m  [32m+[0m[0m resource "yandex_mdb_mysql_user" "this" {
      [32m+[0m[0m authentication_plugin = (known after apply)
      [32m+[0m[0m cluster_id            = (known after apply)
      [32m+[0m[0m connection_manager    = (known after apply)
      [32m+[0m[0m generate_password     = false
      [32m+[0m[0m global_permissions    = (known after apply)
      [32m+[0m[0m id                    = (known after apply)
      [32m+[0m[0m name                  = "app"
      [32m+[0m[0m password              = (sensitive value)
    }

[1mPlan:[0m 2 to add, 0 to change, 0 to destroy.
[0m[90m
─────────────────────────────────────────────────────────────────────────────[0m

Note: You didn't use the -out option to save this plan, so Terraform can't
guarantee to take exactly these actions if you run "terraform apply" now.
